Microsoft Visual Studio Solution File, Format Version 8.00
Project("{8BC9CEB8-8B4A-11D0-8D11-00A0C91BC942}") = "WoZWindow", "WoZWindow.vcproj", "{2133A51F-4D44-4D01-8A8A-8F8C09CB3008}"
	ProjectSection(ProjectDependencies) = postProject
		{9C57D268-5B10-4C58-8B61-0D730FE68121} = {9C57D268-5B10-4C58-8B61-0D730FE68121}
		{EE04817B-FC3D-4261-BD71-A0EB2271BD7C} = {EE04817B-FC3D-4261-BD71-A0EB2271BD7C}
	EndProjectSection
EndProject
Project("{8BC9CEB8-8B4A-11D0-8D11-00A0C91BC942}") = "GretaMisc", "..\..\..\..\..\..\Andre-Marie\cod\Greta\GretaCore\GretaMisc\MSVC\GretaMisc.vcproj", "{EE04817B-FC3D-4261-BD71-A0EB2271BD7C}"
	ProjectSection(ProjectDependencies) = postProject
	EndProjectSection
EndProject
Project("{8BC9CEB8-8B4A-11D0-8D11-00A0C91BC942}") = "GretaMMSystem", "..\..\..\..\..\..\Andre-Marie\cod\Greta\GretaCore\GretaMMSystem\MSVC\GretaMMSystem.vcproj", "{9C57D268-5B10-4C58-8B61-0D730FE68121}"
	ProjectSection(ProjectDependencies) = postProject
	EndProjectSection
EndProject
Global
	GlobalSection(SolutionConfiguration) = preSolution
		Debug = Debug
		Release = Release
	EndGlobalSection
	GlobalSection(ProjectConfiguration) = postSolution
		{2133A51F-4D44-4D01-8A8A-8F8C09CB3008}.Debug.ActiveCfg = Debug|Win32
		{2133A51F-4D44-4D01-8A8A-8F8C09CB3008}.Debug.Build.0 = Debug|Win32
		{2133A51F-4D44-4D01-8A8A-8F8C09CB3008}.Release.ActiveCfg = Release|Win32
		{2133A51F-4D44-4D01-8A8A-8F8C09CB3008}.Release.Build.0 = Release|Win32
		{EE04817B-FC3D-4261-BD71-A0EB2271BD7C}.Debug.ActiveCfg = Debug|Win32
		{EE04817B-FC3D-4261-BD71-A0EB2271BD7C}.Debug.Build.0 = Debug|Win32
		{EE04817B-FC3D-4261-BD71-A0EB2271BD7C}.Release.ActiveCfg = Release|Win32
		{EE04817B-FC3D-4261-BD71-A0EB2271BD7C}.Release.Build.0 = Release|Win32
		{9C57D268-5B10-4C58-8B61-0D730FE68121}.Debug.ActiveCfg = Debug|Win32
		{9C57D268-5B10-4C58-8B61-0D730FE68121}.Debug.Build.0 = Debug|Win32
		{9C57D268-5B10-4C58-8B61-0D730FE68121}.Release.ActiveCfg = Release|Win32
		{9C57D268-5B10-4C58-8B61-0D730FE68121}.Release.Build.0 = Release|Win32
	EndGlobalSection
	GlobalSection(ExtensibilityGlobals) = postSolution
	EndGlobalSection
	GlobalSection(ExtensibilityAddIns) = postSolution
	EndGlobalSection
EndGlobal
