Microsoft Visual Studio Solution File, Format Version 8.00
Project("{8BC9CEB8-8B4A-11D0-8D11-00A0C91BC942}") = "ComplexExpressionsManager", "ComplexExpressionsManager.vcproj", "{E5A1266E-D255-45B2-82AA-93C0ADF5060C}"
	ProjectSection(ProjectDependencies) = postProject
		{ED46642D-3EF9-46A4-8C55-CC22898F2633} = {ED46642D-3EF9-46A4-8C55-CC22898F2633}
		{7078D645-7D93-4449-8E74-024CED43CD0B} = {7078D645-7D93-4449-8E74-024CED43CD0B}
		{EE04817B-FC3D-4261-BD71-A0EB2271BD7C} = {EE04817B-FC3D-4261-BD71-A0EB2271BD7C}
		{2EFBDDCD-1089-4F97-BB06-52F2D91DF399} = {2EFBDDCD-1089-4F97-BB06-52F2D91DF399}
	EndProjectSection
EndProject
Project("{8BC9CEB8-8B4A-11D0-8D11-00A0C91BC942}") = "GretaDataModule", "..\..\GretaDataModule\MSVC\GretaDataModule.vcproj", "{2EFBDDCD-1089-4F97-BB06-52F2D91DF399}"
	ProjectSection(ProjectDependencies) = postProject
	EndProjectSection
EndProject
Project("{8BC9CEB8-8B4A-11D0-8D11-00A0C91BC942}") = "GretaMisc", "..\..\GretaMisc\MSVC\GretaMisc.vcproj", "{EE04817B-FC3D-4261-BD71-A0EB2271BD7C}"
	ProjectSection(ProjectDependencies) = postProject
	EndProjectSection
EndProject
Project("{8BC9CEB8-8B4A-11D0-8D11-00A0C91BC942}") = "GretaFaceEngine", "..\..\GretaFaceEngine\MSVC\GretaFaceEngine.vcproj", "{7078D645-7D93-4449-8E74-024CED43CD0B}"
	ProjectSection(ProjectDependencies) = postProject
	EndProjectSection
EndProject
Project("{8BC9CEB8-8B4A-11D0-8D11-00A0C91BC942}") = "GretaFAPCode", "..\..\GretaFAPCode\MSVC\GretaFAPCode.vcproj", "{ED46642D-3EF9-46A4-8C55-CC22898F2633}"
	ProjectSection(ProjectDependencies) = postProject
	EndProjectSection
EndProject
Global
	GlobalSection(SolutionConfiguration) = preSolution
		Debug = Debug
		Release = Release
	EndGlobalSection
	GlobalSection(ProjectDependencies) = postSolution
	EndGlobalSection
	GlobalSection(ProjectConfiguration) = postSolution
		{E5A1266E-D255-45B2-82AA-93C0ADF5060C}.Debug.ActiveCfg = Debug|Win32
		{E5A1266E-D255-45B2-82AA-93C0ADF5060C}.Debug.Build.0 = Debug|Win32
		{E5A1266E-D255-45B2-82AA-93C0ADF5060C}.Release.ActiveCfg = Release|Win32
		{E5A1266E-D255-45B2-82AA-93C0ADF5060C}.Release.Build.0 = Release|Win32
		{2EFBDDCD-1089-4F97-BB06-52F2D91DF399}.Debug.ActiveCfg = Debug|Win32
		{2EFBDDCD-1089-4F97-BB06-52F2D91DF399}.Debug.Build.0 = Debug|Win32
		{2EFBDDCD-1089-4F97-BB06-52F2D91DF399}.Release.ActiveCfg = Release|Win32
		{2EFBDDCD-1089-4F97-BB06-52F2D91DF399}.Release.Build.0 = Release|Win32
		{EE04817B-FC3D-4261-BD71-A0EB2271BD7C}.Debug.ActiveCfg = Debug|Win32
		{EE04817B-FC3D-4261-BD71-A0EB2271BD7C}.Debug.Build.0 = Debug|Win32
		{EE04817B-FC3D-4261-BD71-A0EB2271BD7C}.Release.ActiveCfg = Release|Win32
		{EE04817B-FC3D-4261-BD71-A0EB2271BD7C}.Release.Build.0 = Release|Win32
		{7078D645-7D93-4449-8E74-024CED43CD0B}.Debug.ActiveCfg = Debug|Win32
		{7078D645-7D93-4449-8E74-024CED43CD0B}.Debug.Build.0 = Debug|Win32
		{7078D645-7D93-4449-8E74-024CED43CD0B}.Release.ActiveCfg = Release|Win32
		{7078D645-7D93-4449-8E74-024CED43CD0B}.Release.Build.0 = Release|Win32
		{ED46642D-3EF9-46A4-8C55-CC22898F2633}.Debug.ActiveCfg = Debug|Win32
		{ED46642D-3EF9-46A4-8C55-CC22898F2633}.Debug.Build.0 = Debug|Win32
		{ED46642D-3EF9-46A4-8C55-CC22898F2633}.Release.ActiveCfg = Release|Win32
		{ED46642D-3EF9-46A4-8C55-CC22898F2633}.Release.Build.0 = Release|Win32
	EndGlobalSection
	GlobalSection(ExtensibilityGlobals) = postSolution
	EndGlobalSection
	GlobalSection(ExtensibilityAddIns) = postSolution
	EndGlobalSection
EndGlobal
