Microsoft Visual Studio Solution File, Format Version 8.00
Project("{8BC9CEB8-8B4A-11D0-8D11-00A0C91BC942}") = "GretaPoseEditor", "GretaPoseEditor.vcproj", "{D1DC2135-77A1-4C1F-ABCF-D7AF41F42821}"
	ProjectSection(ProjectDependencies) = postProject
		{ED46642D-3EF9-46A4-8C55-CC22898F2633} = {ED46642D-3EF9-46A4-8C55-CC22898F2633}
		{F0134079-52BC-49F6-90C1-2A048C5CEC6F} = {F0134079-52BC-49F6-90C1-2A048C5CEC6F}
		{EE04817B-FC3D-4261-BD71-A0EB2271BD7C} = {EE04817B-FC3D-4261-BD71-A0EB2271BD7C}
		{2FA5CEC2-9816-48B7-A242-301F1E10E7F2} = {2FA5CEC2-9816-48B7-A242-301F1E10E7F2}
	EndProjectSection
EndProject
Project("{8BC9CEB8-8B4A-11D0-8D11-00A0C91BC942}") = "GretaBAPCode", "..\..\..\GretaCore\GretaBAPCode\MSVC\GretaBAPCode.vcproj", "{F0134079-52BC-49F6-90C1-2A048C5CEC6F}"
	ProjectSection(ProjectDependencies) = postProject
	EndProjectSection
EndProject
Project("{8BC9CEB8-8B4A-11D0-8D11-00A0C91BC942}") = "GretaFAPCode", "..\..\..\GretaCore\GretaFAPCode\MSVC\GretaFAPCode.vcproj", "{ED46642D-3EF9-46A4-8C55-CC22898F2633}"
	ProjectSection(ProjectDependencies) = postProject
	EndProjectSection
EndProject
Project("{8BC9CEB8-8B4A-11D0-8D11-00A0C91BC942}") = "GretaMisc", "..\..\..\GretaCore\GretaMisc\MSVC\GretaMisc.vcproj", "{EE04817B-FC3D-4261-BD71-A0EB2271BD7C}"
	ProjectSection(ProjectDependencies) = postProject
	EndProjectSection
EndProject
Project("{8BC9CEB8-8B4A-11D0-8D11-00A0C91BC942}") = "GretaPlayer", "..\..\..\GretaCore\GretaPlayer\MSVC\GretaPlayer.vcproj", "{2FA5CEC2-9816-48B7-A242-301F1E10E7F2}"
	ProjectSection(ProjectDependencies) = postProject
	EndProjectSection
EndProject
Global
	GlobalSection(SolutionConfiguration) = preSolution
		Debug = Debug
		Release = Release
	EndGlobalSection
	GlobalSection(ProjectConfiguration) = postSolution
		{D1DC2135-77A1-4C1F-ABCF-D7AF41F42821}.Debug.ActiveCfg = Debug|Win32
		{D1DC2135-77A1-4C1F-ABCF-D7AF41F42821}.Debug.Build.0 = Debug|Win32
		{D1DC2135-77A1-4C1F-ABCF-D7AF41F42821}.Release.ActiveCfg = Release|Win32
		{D1DC2135-77A1-4C1F-ABCF-D7AF41F42821}.Release.Build.0 = Release|Win32
		{F0134079-52BC-49F6-90C1-2A048C5CEC6F}.Debug.ActiveCfg = Debug|Win32
		{F0134079-52BC-49F6-90C1-2A048C5CEC6F}.Debug.Build.0 = Debug|Win32
		{F0134079-52BC-49F6-90C1-2A048C5CEC6F}.Release.ActiveCfg = Release|Win32
		{F0134079-52BC-49F6-90C1-2A048C5CEC6F}.Release.Build.0 = Release|Win32
		{ED46642D-3EF9-46A4-8C55-CC22898F2633}.Debug.ActiveCfg = Debug|Win32
		{ED46642D-3EF9-46A4-8C55-CC22898F2633}.Debug.Build.0 = Debug|Win32
		{ED46642D-3EF9-46A4-8C55-CC22898F2633}.Release.ActiveCfg = Release|Win32
		{ED46642D-3EF9-46A4-8C55-CC22898F2633}.Release.Build.0 = Release|Win32
		{EE04817B-FC3D-4261-BD71-A0EB2271BD7C}.Debug.ActiveCfg = Debug|Win32
		{EE04817B-FC3D-4261-BD71-A0EB2271BD7C}.Debug.Build.0 = Debug|Win32
		{EE04817B-FC3D-4261-BD71-A0EB2271BD7C}.Release.ActiveCfg = Release|Win32
		{EE04817B-FC3D-4261-BD71-A0EB2271BD7C}.Release.Build.0 = Release|Win32
		{2FA5CEC2-9816-48B7-A242-301F1E10E7F2}.Debug.ActiveCfg = Debug|Win32
		{2FA5CEC2-9816-48B7-A242-301F1E10E7F2}.Debug.Build.0 = Debug|Win32
		{2FA5CEC2-9816-48B7-A242-301F1E10E7F2}.Release.ActiveCfg = Release|Win32
		{2FA5CEC2-9816-48B7-A242-301F1E10E7F2}.Release.Build.0 = Release|Win32
	EndGlobalSection
	GlobalSection(ExtensibilityGlobals) = postSolution
	EndGlobalSection
	GlobalSection(ExtensibilityAddIns) = postSolution
	EndGlobalSection
EndGlobal
