Microsoft Visual Studio Solution File, Format Version 8.00
Project("{8BC9CEB8-8B4A-11D0-8D11-00A0C91BC942}") = "GretaGestureEngine", "GretaGestureEngine.vcproj", "{7CC4D8BC-2F7F-4CAE-BC5B-20B28A7DC405}"
	ProjectSection(ProjectDependencies) = postProject
	EndProjectSection
EndProject
Global
	GlobalSection(SolutionConfiguration) = preSolution
		Debug = Debug
		Release = Release
	EndGlobalSection
	GlobalSection(ProjectConfiguration) = postSolution
		{7CC4D8BC-2F7F-4CAE-BC5B-20B28A7DC405}.Debug.ActiveCfg = Debug|Win32
		{7CC4D8BC-2F7F-4CAE-BC5B-20B28A7DC405}.Debug.Build.0 = Debug|Win32
		{7CC4D8BC-2F7F-4CAE-BC5B-20B28A7DC405}.Release.ActiveCfg = Release|Win32
		{7CC4D8BC-2F7F-4CAE-BC5B-20B28A7DC405}.Release.Build.0 = Release|Win32
	EndGlobalSection
	GlobalSection(ExtensibilityGlobals) = postSolution
	EndGlobalSection
	GlobalSection(ExtensibilityAddIns) = postSolution
	EndGlobalSection
EndGlobal
