Microsoft Visual Studio Solution File, Format Version 8.00
Project("{8BC9CEB8-8B4A-11D0-8D11-00A0C91BC942}") = "GretaReactiveBehaviour", "GretaReactiveBehaviour.vcproj", "{38041794-6EBD-4AE6-839F-BE6C751FB75E}"
	ProjectSection(ProjectDependencies) = postProject
		{60F72CE7-2DB9-443E-ACE0-BB201B863412} = {60F72CE7-2DB9-443E-ACE0-BB201B863412}
	EndProjectSection
EndProject
Project("{8BC9CEB8-8B4A-11D0-8D11-00A0C91BC942}") = "Selector", "..\..\..\GretaAuxiliary\Selector\MSVC\Selector.vcproj", "{60F72CE7-2DB9-443E-ACE0-BB201B863412}"
	ProjectSection(ProjectDependencies) = postProject
	EndProjectSection
EndProject
Global
	GlobalSection(SolutionConfiguration) = preSolution
		Debug = Debug
		Release = Release
	EndGlobalSection
	GlobalSection(ProjectConfiguration) = postSolution
		{38041794-6EBD-4AE6-839F-BE6C751FB75E}.Debug.ActiveCfg = Debug|Win32
		{38041794-6EBD-4AE6-839F-BE6C751FB75E}.Debug.Build.0 = Debug|Win32
		{38041794-6EBD-4AE6-839F-BE6C751FB75E}.Release.ActiveCfg = Release|Win32
		{38041794-6EBD-4AE6-839F-BE6C751FB75E}.Release.Build.0 = Release|Win32
		{60F72CE7-2DB9-443E-ACE0-BB201B863412}.Debug.ActiveCfg = Debug|Win32
		{60F72CE7-2DB9-443E-ACE0-BB201B863412}.Debug.Build.0 = Debug|Win32
		{60F72CE7-2DB9-443E-ACE0-BB201B863412}.Release.ActiveCfg = Release|Win32
		{60F72CE7-2DB9-443E-ACE0-BB201B863412}.Release.Build.0 = Release|Win32
	EndGlobalSection
	GlobalSection(ExtensibilityGlobals) = postSolution
	EndGlobalSection
	GlobalSection(ExtensibilityAddIns) = postSolution
	EndGlobalSection
EndGlobal
