// !$*UTF8*$!
{
	archiveVersion = 1;
	classes = {
	};
	objectVersion = 44;
	objects = {

/* Begin PBXBuildFile section */
		491237BF0EC2FDEE00ABC267 /* BML.cpp in Sources */ = {isa = PBXBuildFile; fileRef = 491237BE0EC2FDEE00ABC267 /* BML.cpp */; };
		491237D70EC30B3800ABC267 /* EMMA.cpp in Sources */ = {isa = PBXBuildFile; fileRef = 491237CD0EC30B3800ABC267 /* EMMA.cpp */; };
		491237D80EC30B3800ABC267 /* EmotionML.cpp in Sources */ = {isa = PBXBuildFile; fileRef = 491237CF0EC30B3800ABC267 /* EmotionML.cpp */; };
		491237D90EC30B3800ABC267 /* FML.cpp in Sources */ = {isa = PBXBuildFile; fileRef = 491237D10EC30B3800ABC267 /* FML.cpp */; };
		491237DA0EC30B3800ABC267 /* SemaineML.cpp in Sources */ = {isa = PBXBuildFile; fileRef = 491237D30EC30B3800ABC267 /* SemaineML.cpp */; };
		491237DB0EC30B3800ABC267 /* SSML.cpp in Sources */ = {isa = PBXBuildFile; fileRef = 491237D50EC30B3800ABC267 /* SSML.cpp */; };
		491237EC0EC3120100ABC267 /* DummyFML2BML.cpp in Sources */ = {isa = PBXBuildFile; fileRef = 491237EA0EC3120100ABC267 /* DummyFML2BML.cpp */; };
		4919B6780E7953ED00024538 /* Sender.cpp in Sources */ = {isa = PBXBuildFile; fileRef = 4919B6770E7953ED00024538 /* Sender.cpp */; };
		4919B75B0E7A419200024538 /* Component.cpp in Sources */ = {isa = PBXBuildFile; fileRef = 4919B75A0E7A419200024538 /* Component.cpp */; };
		4919B7870E7A5A1300024538 /* MetaMessenger.cpp in Sources */ = {isa = PBXBuildFile; fileRef = 4919B7860E7A5A1300024538 /* MetaMessenger.cpp */; };
		4919B7B90E7A7DF100024538 /* ComponentRunner.cpp in Sources */ = {isa = PBXBuildFile; fileRef = 4919B7B80E7A7DF100024538 /* ComponentRunner.cpp */; };
		4919B7C40E7A8AA500024538 /* GenericTestComponent.cpp in Sources */ = {isa = PBXBuildFile; fileRef = 4919B7C30E7A8AA500024538 /* GenericTestComponent.cpp */; };
		492B35960E83805500DBE7E1 /* FeatureSender.cpp in Sources */ = {isa = PBXBuildFile; fileRef = 492B35950E83805500DBE7E1 /* FeatureSender.cpp */; };
		492B35F10E839C5300DBE7E1 /* DummyFeatureExtractor.cpp in Sources */ = {isa = PBXBuildFile; fileRef = 492B35F00E839C5300DBE7E1 /* DummyFeatureExtractor.cpp */; };
		492B36090E83A86700DBE7E1 /* SEMAINEXMLMessage.cpp in Sources */ = {isa = PBXBuildFile; fileRef = 492B36080E83A86700DBE7E1 /* SEMAINEXMLMessage.cpp */; };
		49377D360E684D6600C4F871 /* IOBase.cpp in Sources */ = {isa = PBXBuildFile; fileRef = 49377D340E684D6600C4F871 /* IOBase.cpp */; };
		49377D3E0E684DCE00C4F871 /* main.cpp in Sources */ = {isa = PBXBuildFile; fileRef = 49377D3D0E684DCE00C4F871 /* main.cpp */; };
		4973EF1E0E76B60F00D97DFA /* CMSLogger.cpp in Sources */ = {isa = PBXBuildFile; fileRef = 4973EF1C0E76B60F00D97DFA /* CMSLogger.cpp */; };
		4973EF750E76C28400D97DFA /* Receiver.cpp in Sources */ = {isa = PBXBuildFile; fileRef = 4973EF740E76C28400D97DFA /* Receiver.cpp */; };
		4973EFBD0E76D0CE00D97DFA /* SEMAINEMessage.cpp in Sources */ = {isa = PBXBuildFile; fileRef = 4973EFBC0E76D0CE00D97DFA /* SEMAINEMessage.cpp */; };
		49764C5F0EC3617200270253 /* DummyAnalyser.cpp in Sources */ = {isa = PBXBuildFile; fileRef = 49764C5D0EC3617200270253 /* DummyAnalyser.cpp */; };
		4980108C0E81762300C80323 /* SEMAINEFeatureMessage.cpp in Sources */ = {isa = PBXBuildFile; fileRef = 4980108B0E81762300C80323 /* SEMAINEFeatureMessage.cpp */; };
		49A541C10E83D3F200D45016 /* libxerces-c.dylib in Frameworks */ = {isa = PBXBuildFile; fileRef = 49A541C00E83D3F200D45016 /* libxerces-c.dylib */; };
		49A541C40E83D42500D45016 /* libactivemq-cpp.4.dylib in Frameworks */ = {isa = PBXBuildFile; fileRef = 49A541C30E83D42500D45016 /* libactivemq-cpp.4.dylib */; };
		49A5420A0E83E64E00D45016 /* XMLSender.cpp in Sources */ = {isa = PBXBuildFile; fileRef = 49A542080E83E64E00D45016 /* XMLSender.cpp */; };
		49AF4EE30EBF8BEC008011D8 /* XMLTool.cpp in Sources */ = {isa = PBXBuildFile; fileRef = 49AF4EE20EBF8BEC008011D8 /* XMLTool.cpp */; };
/* End PBXBuildFile section */

/* Begin PBXCopyFilesBuildPhase section */
		8DD76F690486A84900D96B5E /* CopyFiles */ = {
			isa = PBXCopyFilesBuildPhase;
			buildActionMask = 8;
			dstPath = /usr/share/man/man1/;
			dstSubfolderSpec = 0;
			files = (
			);
			runOnlyForDeploymentPostprocessing = 1;
		};
/* End PBXCopyFilesBuildPhase section */

/* Begin PBXFileReference section */
		491237BD0EC2FDEE00ABC267 /* BML.h */ = {isa = PBXFileReference; fileEncoding = 4; lastKnownFileType = sourcecode.c.h; name = BML.h; path = datatypes/xml/BML.h; sourceTree = "<group>"; };
		491237BE0EC2FDEE00ABC267 /* BML.cpp */ = {isa = PBXFileReference; fileEncoding = 4; lastKnownFileType = sourcecode.cpp.cpp; name = BML.cpp; path = datatypes/xml/BML.cpp; sourceTree = "<group>"; };
		491237CD0EC30B3800ABC267 /* EMMA.cpp */ = {isa = PBXFileReference; fileEncoding = 4; lastKnownFileType = sourcecode.cpp.cpp; name = EMMA.cpp; path = datatypes/xml/EMMA.cpp; sourceTree = "<group>"; };
		491237CE0EC30B3800ABC267 /* EMMA.h */ = {isa = PBXFileReference; fileEncoding = 4; lastKnownFileType = sourcecode.c.h; name = EMMA.h; path = datatypes/xml/EMMA.h; sourceTree = "<group>"; };
		491237CF0EC30B3800ABC267 /* EmotionML.cpp */ = {isa = PBXFileReference; fileEncoding = 4; lastKnownFileType = sourcecode.cpp.cpp; name = EmotionML.cpp; path = datatypes/xml/EmotionML.cpp; sourceTree = "<group>"; };
		491237D00EC30B3800ABC267 /* EmotionML.h */ = {isa = PBXFileReference; fileEncoding = 4; lastKnownFileType = sourcecode.c.h; name = EmotionML.h; path = datatypes/xml/EmotionML.h; sourceTree = "<group>"; };
		491237D10EC30B3800ABC267 /* FML.cpp */ = {isa = PBXFileReference; fileEncoding = 4; lastKnownFileType = sourcecode.cpp.cpp; name = FML.cpp; path = datatypes/xml/FML.cpp; sourceTree = "<group>"; };
		491237D20EC30B3800ABC267 /* FML.h */ = {isa = PBXFileReference; fileEncoding = 4; lastKnownFileType = sourcecode.c.h; name = FML.h; path = datatypes/xml/FML.h; sourceTree = "<group>"; };
		491237D30EC30B3800ABC267 /* SemaineML.cpp */ = {isa = PBXFileReference; fileEncoding = 4; lastKnownFileType = sourcecode.cpp.cpp; name = SemaineML.cpp; path = datatypes/xml/SemaineML.cpp; sourceTree = "<group>"; };
		491237D40EC30B3800ABC267 /* SemaineML.h */ = {isa = PBXFileReference; fileEncoding = 4; lastKnownFileType = sourcecode.c.h; name = SemaineML.h; path = datatypes/xml/SemaineML.h; sourceTree = "<group>"; };
		491237D50EC30B3800ABC267 /* SSML.cpp */ = {isa = PBXFileReference; fileEncoding = 4; lastKnownFileType = sourcecode.cpp.cpp; name = SSML.cpp; path = datatypes/xml/SSML.cpp; sourceTree = "<group>"; };
		491237D60EC30B3800ABC267 /* SSML.h */ = {isa = PBXFileReference; fileEncoding = 4; lastKnownFileType = sourcecode.c.h; name = SSML.h; path = datatypes/xml/SSML.h; sourceTree = "<group>"; };
		491237EA0EC3120100ABC267 /* DummyFML2BML.cpp */ = {isa = PBXFileReference; fileEncoding = 4; lastKnownFileType = sourcecode.cpp.cpp; name = DummyFML2BML.cpp; path = components/dummy/DummyFML2BML.cpp; sourceTree = "<group>"; };
		491237EB0EC3120100ABC267 /* DummyFML2BML.h */ = {isa = PBXFileReference; fileEncoding = 4; lastKnownFileType = sourcecode.c.h; name = DummyFML2BML.h; path = components/dummy/DummyFML2BML.h; sourceTree = "<group>"; };
		4919B6760E7953ED00024538 /* Sender.h */ = {isa = PBXFileReference; fileEncoding = 4; lastKnownFileType = sourcecode.c.h; name = Sender.h; path = sender/Sender.h; sourceTree = "<group>"; };
		4919B6770E7953ED00024538 /* Sender.cpp */ = {isa = PBXFileReference; fileEncoding = 4; lastKnownFileType = sourcecode.cpp.cpp; name = Sender.cpp; path = sender/Sender.cpp; sourceTree = "<group>"; };
		4919B6B90E795F7100024538 /* SEMAINEException.h */ = {isa = PBXFileReference; fileEncoding = 4; lastKnownFileType = sourcecode.c.h; name = SEMAINEException.h; path = exceptions/SEMAINEException.h; sourceTree = "<group>"; };
		4919B7590E7A419200024538 /* Component.h */ = {isa = PBXFileReference; fileEncoding = 4; lastKnownFileType = sourcecode.c.h; name = Component.h; path = components/Component.h; sourceTree = "<group>"; };
		4919B75A0E7A419200024538 /* Component.cpp */ = {isa = PBXFileReference; fileEncoding = 4; lastKnownFileType = sourcecode.cpp.cpp; name = Component.cpp; path = components/Component.cpp; sourceTree = "<group>"; };
		4919B7850E7A5A1300024538 /* MetaMessenger.h */ = {isa = PBXFileReference; fileEncoding = 4; lastKnownFileType = sourcecode.c.h; name = MetaMessenger.h; path = components/meta/MetaMessenger.h; sourceTree = "<group>"; };
		4919B7860E7A5A1300024538 /* MetaMessenger.cpp */ = {isa = PBXFileReference; fileEncoding = 4; lastKnownFileType = sourcecode.cpp.cpp; name = MetaMessenger.cpp; path = components/meta/MetaMessenger.cpp; sourceTree = "<group>"; };
		4919B7B70E7A7DF100024538 /* ComponentRunner.h */ = {isa = PBXFileReference; fileEncoding = 4; lastKnownFileType = sourcecode.c.h; name = ComponentRunner.h; path = system/ComponentRunner.h; sourceTree = "<group>"; };
		4919B7B80E7A7DF100024538 /* ComponentRunner.cpp */ = {isa = PBXFileReference; fileEncoding = 4; lastKnownFileType = sourcecode.cpp.cpp; name = ComponentRunner.cpp; path = system/ComponentRunner.cpp; sourceTree = "<group>"; };
		4919B7C20E7A8AA500024538 /* GenericTestComponent.h */ = {isa = PBXFileReference; fileEncoding = 4; lastKnownFileType = sourcecode.c.h; name = GenericTestComponent.h; path = components/dummy/GenericTestComponent.h; sourceTree = "<group>"; };
		4919B7C30E7A8AA500024538 /* GenericTestComponent.cpp */ = {isa = PBXFileReference; fileEncoding = 4; lastKnownFileType = sourcecode.cpp.cpp; name = GenericTestComponent.cpp; path = components/dummy/GenericTestComponent.cpp; sourceTree = "<group>"; };
		492B35940E83805500DBE7E1 /* FeatureSender.h */ = {isa = PBXFileReference; fileEncoding = 4; lastKnownFileType = sourcecode.c.h; name = FeatureSender.h; path = sender/FeatureSender.h; sourceTree = "<group>"; };
		492B35950E83805500DBE7E1 /* FeatureSender.cpp */ = {isa = PBXFileReference; fileEncoding = 4; lastKnownFileType = sourcecode.cpp.cpp; name = FeatureSender.cpp; path = sender/FeatureSender.cpp; sourceTree = "<group>"; };
		492B35EF0E839C5300DBE7E1 /* DummyFeatureExtractor.h */ = {isa = PBXFileReference; fileEncoding = 4; lastKnownFileType = sourcecode.c.h; name = DummyFeatureExtractor.h; path = components/dummy/DummyFeatureExtractor.h; sourceTree = "<group>"; };
		492B35F00E839C5300DBE7E1 /* DummyFeatureExtractor.cpp */ = {isa = PBXFileReference; fileEncoding = 4; lastKnownFileType = sourcecode.cpp.cpp; name = DummyFeatureExtractor.cpp; path = components/dummy/DummyFeatureExtractor.cpp; sourceTree = "<group>"; };
		492B36070E83A86700DBE7E1 /* SEMAINEXMLMessage.h */ = {isa = PBXFileReference; fileEncoding = 4; lastKnownFileType = sourcecode.c.h; name = SEMAINEXMLMessage.h; path = message/SEMAINEXMLMessage.h; sourceTree = "<group>"; };
		492B36080E83A86700DBE7E1 /* SEMAINEXMLMessage.cpp */ = {isa = PBXFileReference; fileEncoding = 4; lastKnownFileType = sourcecode.cpp.cpp; name = SEMAINEXMLMessage.cpp; path = message/SEMAINEXMLMessage.cpp; sourceTree = "<group>"; };
		49377D330E684D6600C4F871 /* loglevel.h */ = {isa = PBXFileReference; fileEncoding = 4; lastKnownFileType = sourcecode.c.h; path = loglevel.h; sourceTree = "<group>"; };
		49377D340E684D6600C4F871 /* IOBase.cpp */ = {isa = PBXFileReference; fileEncoding = 4; lastKnownFileType = sourcecode.cpp.cpp; path = IOBase.cpp; sourceTree = "<group>"; };
		49377D350E684D6600C4F871 /* IOBase.h */ = {isa = PBXFileReference; fileEncoding = 4; lastKnownFileType = sourcecode.c.h; path = IOBase.h; sourceTree = "<group>"; };
		49377D3D0E684DCE00C4F871 /* main.cpp */ = {isa = PBXFileReference; fileEncoding = 4; lastKnownFileType = sourcecode.cpp.cpp; path = main.cpp; sourceTree = "<group>"; };
		49377D730E6BC8A100C4F871 /* semaine */ = {isa = PBXFileReference; explicitFileType = "compiled.mach-o.executable"; includeInIndex = 0; path = semaine; sourceTree = BUILT_PRODUCTS_DIR; };
		495D54B40E78045900CA468B /* SystemConfigurationException.h */ = {isa = PBXFileReference; fileEncoding = 4; lastKnownFileType = sourcecode.c.h; name = SystemConfigurationException.h; path = exceptions/SystemConfigurationException.h; sourceTree = "<group>"; };
		4973EF1C0E76B60F00D97DFA /* CMSLogger.cpp */ = {isa = PBXFileReference; fileEncoding = 4; lastKnownFileType = sourcecode.cpp.cpp; path = CMSLogger.cpp; sourceTree = "<group>"; };
		4973EF1D0E76B60F00D97DFA /* CMSLogger.h */ = {isa = PBXFileReference; fileEncoding = 4; lastKnownFileType = sourcecode.c.h; path = CMSLogger.h; sourceTree = "<group>"; };
		4973EF730E76C28400D97DFA /* Receiver.h */ = {isa = PBXFileReference; fileEncoding = 4; lastKnownFileType = sourcecode.c.h; name = Receiver.h; path = receiver/Receiver.h; sourceTree = "<group>"; };
		4973EF740E76C28400D97DFA /* Receiver.cpp */ = {isa = PBXFileReference; fileEncoding = 4; lastKnownFileType = sourcecode.cpp.cpp; name = Receiver.cpp; path = receiver/Receiver.cpp; sourceTree = "<group>"; };
		4973EFA20E76CEE600D97DFA /* SEMAINEMessageAvailableListener.h */ = {isa = PBXFileReference; fileEncoding = 4; lastKnownFileType = sourcecode.c.h; path = SEMAINEMessageAvailableListener.h; sourceTree = "<group>"; };
		4973EFBB0E76D0CE00D97DFA /* SEMAINEMessage.h */ = {isa = PBXFileReference; fileEncoding = 4; lastKnownFileType = sourcecode.c.h; name = SEMAINEMessage.h; path = message/SEMAINEMessage.h; sourceTree = "<group>"; };
		4973EFBC0E76D0CE00D97DFA /* SEMAINEMessage.cpp */ = {isa = PBXFileReference; fileEncoding = 4; lastKnownFileType = sourcecode.cpp.cpp; name = SEMAINEMessage.cpp; path = message/SEMAINEMessage.cpp; sourceTree = "<group>"; };
		4973EFEB0E76E2C500D97DFA /* MessageFormatException.h */ = {isa = PBXFileReference; fileEncoding = 4; lastKnownFileType = sourcecode.c.h; name = MessageFormatException.h; path = exceptions/MessageFormatException.h; sourceTree = "<group>"; };
		49764C5D0EC3617200270253 /* DummyAnalyser.cpp */ = {isa = PBXFileReference; fileEncoding = 4; lastKnownFileType = sourcecode.cpp.cpp; name = DummyAnalyser.cpp; path = components/dummy/DummyAnalyser.cpp; sourceTree = "<group>"; };
		49764C5E0EC3617200270253 /* DummyAnalyser.h */ = {isa = PBXFileReference; fileEncoding = 4; lastKnownFileType = sourcecode.c.h; name = DummyAnalyser.h; path = components/dummy/DummyAnalyser.h; sourceTree = "<group>"; };
		497C3BE50E767FBC00B3B7A5 /* event.h */ = {isa = PBXFileReference; fileEncoding = 4; lastKnownFileType = sourcecode.c.h; name = event.h; path = semaine/cms/event.h; sourceTree = "<group>"; };
		497C3C0D0E7684D600B3B7A5 /* config.h */ = {isa = PBXFileReference; fileEncoding = 4; lastKnownFileType = sourcecode.c.h; name = config.h; path = semaine/config.h; sourceTree = "<group>"; };
		4980108A0E81762300C80323 /* SEMAINEFeatureMessage.h */ = {isa = PBXFileReference; fileEncoding = 4; lastKnownFileType = sourcecode.c.h; name = SEMAINEFeatureMessage.h; path = message/SEMAINEFeatureMessage.h; sourceTree = "<group>"; };
		4980108B0E81762300C80323 /* SEMAINEFeatureMessage.cpp */ = {isa = PBXFileReference; fileEncoding = 4; lastKnownFileType = sourcecode.cpp.cpp; name = SEMAINEFeatureMessage.cpp; path = message/SEMAINEFeatureMessage.cpp; sourceTree = "<group>"; };
		498010D60E82215B00C80323 /* FeatureReceiver.h */ = {isa = PBXFileReference; fileEncoding = 4; lastKnownFileType = sourcecode.c.h; name = FeatureReceiver.h; path = receiver/FeatureReceiver.h; sourceTree = "<group>"; };
		49A541C00E83D3F200D45016 /* libxerces-c.dylib */ = {isa = PBXFileReference; lastKnownFileType = "compiled.mach-o.dylib"; name = "libxerces-c.dylib"; path = "../../../../../../opt/local/lib/libxerces-c.dylib"; sourceTree = SOURCE_ROOT; };
		49A541C30E83D42500D45016 /* libactivemq-cpp.4.dylib */ = {isa = PBXFileReference; lastKnownFileType = "compiled.mach-o.dylib"; name = "libactivemq-cpp.4.dylib"; path = "../../../../src/activemq-cpp-install/lib/libactivemq-cpp.4.dylib"; sourceTree = SOURCE_ROOT; };
		49A542040E83E57F00D45016 /* XMLReceiver.h */ = {isa = PBXFileReference; fileEncoding = 4; lastKnownFileType = sourcecode.c.h; name = XMLReceiver.h; path = semaine/cms/receiver/XMLReceiver.h; sourceTree = SOURCE_ROOT; };
		49A542080E83E64E00D45016 /* XMLSender.cpp */ = {isa = PBXFileReference; fileEncoding = 4; lastKnownFileType = sourcecode.cpp.cpp; name = XMLSender.cpp; path = semaine/cms/sender/XMLSender.cpp; sourceTree = SOURCE_ROOT; };
		49A542090E83E64E00D45016 /* XMLSender.h */ = {isa = PBXFileReference; fileEncoding = 4; lastKnownFileType = sourcecode.c.h; name = XMLSender.h; path = semaine/cms/sender/XMLSender.h; sourceTree = SOURCE_ROOT; };
		49AF4ECE0EBF86F2008011D8 /* BMLSender.h */ = {isa = PBXFileReference; fileEncoding = 4; lastKnownFileType = sourcecode.c.h; name = BMLSender.h; path = sender/BMLSender.h; sourceTree = "<group>"; };
		49AF4ED30EBF8866008011D8 /* EmmaSender.h */ = {isa = PBXFileReference; fileEncoding = 4; lastKnownFileType = sourcecode.c.h; name = EmmaSender.h; path = sender/EmmaSender.h; sourceTree = "<group>"; };
		49AF4ED40EBF88C9008011D8 /* FMLSender.h */ = {isa = PBXFileReference; fileEncoding = 4; lastKnownFileType = sourcecode.c.h; name = FMLSender.h; path = sender/FMLSender.h; sourceTree = "<group>"; };
		49AF4ED60EBF8953008011D8 /* BMLReceiver.h */ = {isa = PBXFileReference; fileEncoding = 4; lastKnownFileType = sourcecode.c.h; name = BMLReceiver.h; path = receiver/BMLReceiver.h; sourceTree = "<group>"; };
		49AF4EDD0EBF8B14008011D8 /* FMLReceiver.h */ = {isa = PBXFileReference; fileEncoding = 4; lastKnownFileType = sourcecode.c.h; name = FMLReceiver.h; path = receiver/FMLReceiver.h; sourceTree = "<group>"; };
		49AF4EE10EBF8BEC008011D8 /* XMLTool.h */ = {isa = PBXFileReference; fileEncoding = 4; lastKnownFileType = sourcecode.c.h; name = XMLTool.h; path = util/XMLTool.h; sourceTree = "<group>"; };
		49AF4EE20EBF8BEC008011D8 /* XMLTool.cpp */ = {isa = PBXFileReference; fileEncoding = 4; lastKnownFileType = sourcecode.cpp.cpp; name = XMLTool.cpp; path = util/XMLTool.cpp; sourceTree = "<group>"; };
/* End PBXFileReference section */

/* Begin PBXFrameworksBuildPhase section */
		8DD76F660486A84900D96B5E /* Frameworks */ = {
			isa = PBXFrameworksBuildPhase;
			buildActionMask = 2147483647;
			files = (
				49A541C10E83D3F200D45016 /* libxerces-c.dylib in Frameworks */,
				49A541C40E83D42500D45016 /* libactivemq-cpp.4.dylib in Frameworks */,
			);
			runOnlyForDeploymentPostprocessing = 0;
		};
/* End PBXFrameworksBuildPhase section */

/* Begin PBXGroup section */
		08FB7794FE84155DC02AAC07 /* semaine */ = {
			isa = PBXGroup;
			children = (
				49A541C30E83D42500D45016 /* libactivemq-cpp.4.dylib */,
				49A541C00E83D3F200D45016 /* libxerces-c.dylib */,
				497C3BE50E767FBC00B3B7A5 /* event.h */,
				49377D3D0E684DCE00C4F871 /* main.cpp */,
				49377D310E684D6600C4F871 /* semaine */,
				08FB7795FE84155DC02AAC07 /* Source */,
				C6859E8C029090F304C91782 /* Documentation */,
				1AB674ADFE9D54B511CA2CBB /* Products */,
				497C3C0D0E7684D600B3B7A5 /* config.h */,
			);
			name = semaine;
			sourceTree = "<group>";
		};
		08FB7795FE84155DC02AAC07 /* Source */ = {
			isa = PBXGroup;
			children = (
			);
			name = Source;
			sourceTree = "<group>";
		};
		1AB674ADFE9D54B511CA2CBB /* Products */ = {
			isa = PBXGroup;
			children = (
				49377D730E6BC8A100C4F871 /* semaine */,
			);
			name = Products;
			sourceTree = "<group>";
		};
		491237BB0EC2FD7A00ABC267 /* datatypes */ = {
			isa = PBXGroup;
			children = (
				491237BC0EC2FD8F00ABC267 /* xml */,
			);
			name = datatypes;
			sourceTree = "<group>";
		};
		491237BC0EC2FD8F00ABC267 /* xml */ = {
			isa = PBXGroup;
			children = (
				491237CD0EC30B3800ABC267 /* EMMA.cpp */,
				491237CE0EC30B3800ABC267 /* EMMA.h */,
				491237CF0EC30B3800ABC267 /* EmotionML.cpp */,
				491237D00EC30B3800ABC267 /* EmotionML.h */,
				491237D10EC30B3800ABC267 /* FML.cpp */,
				491237D20EC30B3800ABC267 /* FML.h */,
				491237D30EC30B3800ABC267 /* SemaineML.cpp */,
				491237D40EC30B3800ABC267 /* SemaineML.h */,
				491237D50EC30B3800ABC267 /* SSML.cpp */,
				491237D60EC30B3800ABC267 /* SSML.h */,
				491237BD0EC2FDEE00ABC267 /* BML.h */,
				491237BE0EC2FDEE00ABC267 /* BML.cpp */,
			);
			name = xml;
			sourceTree = "<group>";
		};
		4919B6750E7953D100024538 /* sender */ = {
			isa = PBXGroup;
			children = (
				49AF4ED40EBF88C9008011D8 /* FMLSender.h */,
				49AF4ECE0EBF86F2008011D8 /* BMLSender.h */,
				49A542080E83E64E00D45016 /* XMLSender.cpp */,
				49A542090E83E64E00D45016 /* XMLSender.h */,
				4919B6760E7953ED00024538 /* Sender.h */,
				4919B6770E7953ED00024538 /* Sender.cpp */,
				492B35940E83805500DBE7E1 /* FeatureSender.h */,
				492B35950E83805500DBE7E1 /* FeatureSender.cpp */,
				49AF4ED30EBF8866008011D8 /* EmmaSender.h */,
			);
			name = sender;
			sourceTree = "<group>";
		};
		4919B7580E7A417200024538 /* components */ = {
			isa = PBXGroup;
			children = (
				4919B7C10E7A8A8600024538 /* dummy */,
				4919B7840E7A59F300024538 /* meta */,
				4919B7590E7A419200024538 /* Component.h */,
				4919B75A0E7A419200024538 /* Component.cpp */,
			);
			name = components;
			sourceTree = "<group>";
		};
		4919B7840E7A59F300024538 /* meta */ = {
			isa = PBXGroup;
			children = (
				4919B7850E7A5A1300024538 /* MetaMessenger.h */,
				4919B7860E7A5A1300024538 /* MetaMessenger.cpp */,
			);
			name = meta;
			sourceTree = "<group>";
		};
		4919B7B60E7A7DC800024538 /* system */ = {
			isa = PBXGroup;
			children = (
				4919B7B70E7A7DF100024538 /* ComponentRunner.h */,
				4919B7B80E7A7DF100024538 /* ComponentRunner.cpp */,
			);
			name = system;
			sourceTree = "<group>";
		};
		4919B7C10E7A8A8600024538 /* dummy */ = {
			isa = PBXGroup;
			children = (
				49764C5D0EC3617200270253 /* DummyAnalyser.cpp */,
				49764C5E0EC3617200270253 /* DummyAnalyser.h */,
				491237EA0EC3120100ABC267 /* DummyFML2BML.cpp */,
				491237EB0EC3120100ABC267 /* DummyFML2BML.h */,
				4919B7C20E7A8AA500024538 /* GenericTestComponent.h */,
				4919B7C30E7A8AA500024538 /* GenericTestComponent.cpp */,
				492B35EF0E839C5300DBE7E1 /* DummyFeatureExtractor.h */,
				492B35F00E839C5300DBE7E1 /* DummyFeatureExtractor.cpp */,
			);
			name = dummy;
			sourceTree = "<group>";
		};
		49377D310E684D6600C4F871 /* semaine */ = {
			isa = PBXGroup;
			children = (
				491237BB0EC2FD7A00ABC267 /* datatypes */,
				49AF4EE00EBF8BC5008011D8 /* util */,
				4919B7B60E7A7DC800024538 /* system */,
				4919B7580E7A417200024538 /* components */,
				49377D320E684D6600C4F871 /* cms */,
			);
			path = semaine;
			sourceTree = "<group>";
		};
		49377D320E684D6600C4F871 /* cms */ = {
			isa = PBXGroup;
			children = (
				4919B6750E7953D100024538 /* sender */,
				4973EFEA0E76E2A500D97DFA /* exceptions */,
				4973EFBA0E76D0B100D97DFA /* message */,
				4973EF720E76C25700D97DFA /* receiver */,
				4973EF1C0E76B60F00D97DFA /* CMSLogger.cpp */,
				4973EF1D0E76B60F00D97DFA /* CMSLogger.h */,
				49377D330E684D6600C4F871 /* loglevel.h */,
				49377D340E684D6600C4F871 /* IOBase.cpp */,
				49377D350E684D6600C4F871 /* IOBase.h */,
				4973EFA20E76CEE600D97DFA /* SEMAINEMessageAvailableListener.h */,
			);
			path = cms;
			sourceTree = "<group>";
		};
		4973EF720E76C25700D97DFA /* receiver */ = {
			isa = PBXGroup;
			children = (
				49A542040E83E57F00D45016 /* XMLReceiver.h */,
				4973EF730E76C28400D97DFA /* Receiver.h */,
				4973EF740E76C28400D97DFA /* Receiver.cpp */,
				498010D60E82215B00C80323 /* FeatureReceiver.h */,
				49AF4ED60EBF8953008011D8 /* BMLReceiver.h */,
				49AF4EDD0EBF8B14008011D8 /* FMLReceiver.h */,
			);
			name = receiver;
			sourceTree = "<group>";
		};
		4973EFBA0E76D0B100D97DFA /* message */ = {
			isa = PBXGroup;
			children = (
				4973EFBB0E76D0CE00D97DFA /* SEMAINEMessage.h */,
				4973EFBC0E76D0CE00D97DFA /* SEMAINEMessage.cpp */,
				4980108A0E81762300C80323 /* SEMAINEFeatureMessage.h */,
				4980108B0E81762300C80323 /* SEMAINEFeatureMessage.cpp */,
				492B36070E83A86700DBE7E1 /* SEMAINEXMLMessage.h */,
				492B36080E83A86700DBE7E1 /* SEMAINEXMLMessage.cpp */,
			);
			name = message;
			sourceTree = "<group>";
		};
		4973EFEA0E76E2A500D97DFA /* exceptions */ = {
			isa = PBXGroup;
			children = (
				4973EFEB0E76E2C500D97DFA /* MessageFormatException.h */,
				495D54B40E78045900CA468B /* SystemConfigurationException.h */,
				4919B6B90E795F7100024538 /* SEMAINEException.h */,
			);
			name = exceptions;
			sourceTree = "<group>";
		};
		49AF4EE00EBF8BC5008011D8 /* util */ = {
			isa = PBXGroup;
			children = (
				49AF4EE10EBF8BEC008011D8 /* XMLTool.h */,
				49AF4EE20EBF8BEC008011D8 /* XMLTool.cpp */,
			);
			name = util;
			sourceTree = "<group>";
		};
		C6859E8C029090F304C91782 /* Documentation */ = {
			isa = PBXGroup;
			children = (
			);
			name = Documentation;
			sourceTree = "<group>";
		};
/* End PBXGroup section */

/* Begin PBXNativeTarget section */
		8DD76F620486A84900D96B5E /* semaine */ = {
			isa = PBXNativeTarget;
			buildConfigurationList = 1DEB923108733DC60010E9CD /* Build configuration list for PBXNativeTarget "semaine" */;
			buildPhases = (
				8DD76F640486A84900D96B5E /* Sources */,
				8DD76F660486A84900D96B5E /* Frameworks */,
				8DD76F690486A84900D96B5E /* CopyFiles */,
			);
			buildRules = (
			);
			dependencies = (
			);
			name = semaine;
			productInstallPath = "$(HOME)/bin";
			productName = semaine;
			productReference = 49377D730E6BC8A100C4F871 /* semaine */;
			productType = "com.apple.product-type.tool";
		};
/* End PBXNativeTarget section */

/* Begin PBXProject section */
		08FB7793FE84155DC02AAC07 /* Project object */ = {
			isa = PBXProject;
			buildConfigurationList = 1DEB923508733DC60010E9CD /* Build configuration list for PBXProject "semaine" */;
			compatibilityVersion = "Xcode 3.0";
			hasScannedForEncodings = 1;
			mainGroup = 08FB7794FE84155DC02AAC07 /* semaine */;
			projectDirPath = "";
			projectRoot = "";
			targets = (
				8DD76F620486A84900D96B5E /* semaine */,
			);
		};
/* End PBXProject section */

/* Begin PBXSourcesBuildPhase section */
		8DD76F640486A84900D96B5E /* Sources */ = {
			isa = PBXSourcesBuildPhase;
			buildActionMask = 2147483647;
			files = (
				49377D360E684D6600C4F871 /* IOBase.cpp in Sources */,
				49377D3E0E684DCE00C4F871 /* main.cpp in Sources */,
				4973EF1E0E76B60F00D97DFA /* CMSLogger.cpp in Sources */,
				4973EF750E76C28400D97DFA /* Receiver.cpp in Sources */,
				4973EFBD0E76D0CE00D97DFA /* SEMAINEMessage.cpp in Sources */,
				4919B6780E7953ED00024538 /* Sender.cpp in Sources */,
				4919B75B0E7A419200024538 /* Component.cpp in Sources */,
				4919B7870E7A5A1300024538 /* MetaMessenger.cpp in Sources */,
				4919B7B90E7A7DF100024538 /* ComponentRunner.cpp in Sources */,
				4919B7C40E7A8AA500024538 /* GenericTestComponent.cpp in Sources */,
				4980108C0E81762300C80323 /* SEMAINEFeatureMessage.cpp in Sources */,
				492B35960E83805500DBE7E1 /* FeatureSender.cpp in Sources */,
				492B35F10E839C5300DBE7E1 /* DummyFeatureExtractor.cpp in Sources */,
				492B36090E83A86700DBE7E1 /* SEMAINEXMLMessage.cpp in Sources */,
				49A5420A0E83E64E00D45016 /* XMLSender.cpp in Sources */,
				49AF4EE30EBF8BEC008011D8 /* XMLTool.cpp in Sources */,
				491237BF0EC2FDEE00ABC267 /* BML.cpp in Sources */,
				491237D70EC30B3800ABC267 /* EMMA.cpp in Sources */,
				491237D80EC30B3800ABC267 /* EmotionML.cpp in Sources */,
				491237D90EC30B3800ABC267 /* FML.cpp in Sources */,
				491237DA0EC30B3800ABC267 /* SemaineML.cpp in Sources */,
				491237DB0EC30B3800ABC267 /* SSML.cpp in Sources */,
				491237EC0EC3120100ABC267 /* DummyFML2BML.cpp in Sources */,
				49764C5F0EC3617200270253 /* DummyAnalyser.cpp in Sources */,
			);
			runOnlyForDeploymentPostprocessing = 0;
		};
/* End PBXSourcesBuildPhase section */

/* Begin XCBuildConfiguration section */
		1DEB923208733DC60010E9CD /* Debug */ = {
			isa = XCBuildConfiguration;
			buildSettings = {
				ARCHS = "$(NATIVE_ARCH)";
				COPY_PHASE_STRIP = NO;
				GCC_DYNAMIC_NO_PIC = NO;
				GCC_ENABLE_FIX_AND_CONTINUE = YES;
				GCC_MODEL_TUNING = G5;
				GCC_OPTIMIZATION_LEVEL = 0;
				GCC_PREPROCESSOR_DEFINITIONS = (
					"_GLIBCXX_DEBUG=1",
					"_GLIBCXX_DEBUG_PEDANTIC=1",
				);
				INSTALL_PATH = /usr/local/bin;
				LIBRARY_SEARCH_PATHS = (
					"$(inherited)",
					/opt/local/lib,
					"\"$(SRCROOT)/../../../../src/activemq-cpp-install/lib\"",
				);
				OTHER_LDFLAGS = "-lactivemq-cpp";
				PRODUCT_NAME = semaine;
				ZERO_LINK = YES;
			};
			name = Debug;
		};
		1DEB923308733DC60010E9CD /* Release */ = {
			isa = XCBuildConfiguration;
			buildSettings = {
				ARCHS = "$(NATIVE_ARCH)";
				DEBUG_INFORMATION_FORMAT = "dwarf-with-dsym";
				GCC_MODEL_TUNING = G5;
				INSTALL_PATH = /usr/local/bin;
				LIBRARY_SEARCH_PATHS = (
					"$(inherited)",
					/opt/local/lib,
					"\"$(SRCROOT)/../../../../src/activemq-cpp-install/lib\"",
				);
				OTHER_LDFLAGS = "-lactivemq-cpp";
				PRODUCT_NAME = semaine;
			};
			name = Release;
		};
		1DEB923608733DC60010E9CD /* Debug */ = {
			isa = XCBuildConfiguration;
			buildSettings = {
				ALWAYS_SEARCH_USER_PATHS = YES;
				GCC_WARN_ABOUT_RETURN_TYPE = YES;
				GCC_WARN_UNUSED_VARIABLE = YES;
				HEADER_SEARCH_PATHS = (
					"/Users/marc/src/activemq-cpp-install/include/activemq-cpp-2.2.1/",
					"/opt/local/include/**",
				);
				LIBRARY_SEARCH_PATHS = (
					/opt/local/lib,
					"/Users/marc/src/activemq-cpp-install/lib",
				);
				OTHER_LDFLAGS = "";
				PREBINDING = NO;
				SDKROOT = "$(DEVELOPER_SDK_DIR)/MacOSX10.5.sdk";
			};
			name = Debug;
		};
		1DEB923708733DC60010E9CD /* Release */ = {
			isa = XCBuildConfiguration;
			buildSettings = {
				ALWAYS_SEARCH_USER_PATHS = YES;
				ARCHS = i386;
				GCC_WARN_ABOUT_RETURN_TYPE = YES;
				GCC_WARN_UNUSED_VARIABLE = YES;
				HEADER_SEARCH_PATHS = (
					"/Users/marc/src/activemq-cpp-install/include/activemq-cpp-2.2.1/",
					"/opt/local/include/**",
				);
				LIBRARY_SEARCH_PATHS = (
					/opt/local/lib,
					"/Users/marc/src/activemq-cpp-install/lib",
				);
				OTHER_LDFLAGS = (
					"-lactivemq",
					"-lxerces-c",
				);
				PREBINDING = NO;
				SDKROOT = "$(DEVELOPER_SDK_DIR)/MacOSX10.5.sdk";
			};
			name = Release;
		};
/* End XCBuildConfiguration section */

/* Begin XCConfigurationList section */
		1DEB923108733DC60010E9CD /* Build configuration list for PBXNativeTarget "semaine" */ = {
			isa = XCConfigurationList;
			buildConfigurations = (
				1DEB923208733DC60010E9CD /* Debug */,
				1DEB923308733DC60010E9CD /* Release */,
			);
			defaultConfigurationIsVisible = 0;
			defaultConfigurationName = Release;
		};
		1DEB923508733DC60010E9CD /* Build configuration list for PBXProject "semaine" */ = {
			isa = XCConfigurationList;
			buildConfigurations = (
				1DEB923608733DC60010E9CD /* Debug */,
				1DEB923708733DC60010E9CD /* Release */,
			);
			defaultConfigurationIsVisible = 0;
			defaultConfigurationName = Release;
		};
/* End XCConfigurationList section */
	};
	rootObject = 08FB7793FE84155DC02AAC07 /* Project object */;
}
