Microsoft Visual Studio Solution File, Format Version 8.00
Project("{8BC9CEB8-8B4A-11D0-8D11-00A0C91BC942}") = "Selector", "Selector.vcproj", "{60F72CE7-2DB9-443E-ACE0-BB201B863412}"
	ProjectSection(ProjectDependencies) = postProject
		{EE04817B-FC3D-4261-BD71-A0EB2271BD7C} = {EE04817B-FC3D-4261-BD71-A0EB2271BD7C}
	EndProjectSection
EndProject
Project("{8BC9CEB8-8B4A-11D0-8D11-00A0C91BC942}") = "GretaMisc", "..\..\..\GretaCore\GretaMisc\MSVC\GretaMisc.vcproj", "{EE04817B-FC3D-4261-BD71-A0EB2271BD7C}"
	ProjectSection(ProjectDependencies) = postProject
	EndProjectSection
EndProject
Global
	GlobalSection(SolutionConfiguration) = preSolution
		Debug = Debug
		Release = Release
	EndGlobalSection
	GlobalSection(ProjectConfiguration) = postSolution
		{60F72CE7-2DB9-443E-ACE0-BB201B863412}.Debug.ActiveCfg = Debug|Win32
		{60F72CE7-2DB9-443E-ACE0-BB201B863412}.Debug.Build.0 = Debug|Win32
		{60F72CE7-2DB9-443E-ACE0-BB201B863412}.Release.ActiveCfg = Release|Win32
		{60F72CE7-2DB9-443E-ACE0-BB201B863412}.Release.Build.0 = Release|Win32
		{EE04817B-FC3D-4261-BD71-A0EB2271BD7C}.Debug.ActiveCfg = Debug|Win32
		{EE04817B-FC3D-4261-BD71-A0EB2271BD7C}.Debug.Build.0 = Debug|Win32
		{EE04817B-FC3D-4261-BD71-A0EB2271BD7C}.Release.ActiveCfg = Release|Win32
		{EE04817B-FC3D-4261-BD71-A0EB2271BD7C}.Release.Build.0 = Release|Win32
	EndGlobalSection
	GlobalSection(ExtensibilityGlobals) = postSolution
	EndGlobalSection
	GlobalSection(ExtensibilityAddIns) = postSolution
	EndGlobalSection
EndGlobal
